
Microsoft Visual Studio Solution File, Format Version 12.00
# Visual Studio 15
VisualStudioVersion = 15.0.26403.7
MinimumVisualStudioVersion = 10.0.40219.1
Project("{FAE04EC0-301F-11D3-BF4B-00C04F79EFBC}") = "Clock", "Clock\Clock.csproj", "{98B70B69-32B1-4B72-A838-3EE144EB9BC3}"
EndProject
Project("{FAE04EC0-301F-11D3-BF4B-00C04F79EFBC}") = "ClockConsole", "ClockConsole\ClockConsole.csproj", "{BB0ED6EF-D386-405C-BF62-F9308E3573EB}"
EndProject
Project("{FAE04EC0-301F-11D3-BF4B-00C04F79EFBC}") = "Search", "Search\Search.csproj", "{5E4AC309-B04A-4E45-AA97-FB89C5516598}"
EndProject
Project("{FAE04EC0-301F-11D3-BF4B-00C04F79EFBC}") = "Search.Tests", "Search.Tests\Search.Tests.csproj", "{5ED64359-9F3B-421D-98E1-72BE37C87A97}"
EndProject
Global
	GlobalSection(SolutionConfigurationPlatforms) = preSolution
		Debug|Any CPU = Debug|Any CPU
		Release|Any CPU = Release|Any CPU
	EndGlobalSection
	GlobalSection(ProjectConfigurationPlatforms) = postSolution
		{98B70B69-32B1-4B72-A838-3EE144EB9BC3}.Debug|Any CPU.ActiveCfg = Debug|Any CPU
		{98B70B69-32B1-4B72-A838-3EE144EB9BC3}.Debug|Any CPU.Build.0 = Debug|Any CPU
		{98B70B69-32B1-4B72-A838-3EE144EB9BC3}.Release|Any CPU.ActiveCfg = Release|Any CPU
		{98B70B69-32B1-4B72-A838-3EE144EB9BC3}.Release|Any CPU.Build.0 = Release|Any CPU
		{BB0ED6EF-D386-405C-BF62-F9308E3573EB}.Debug|Any CPU.ActiveCfg = Debug|Any CPU
		{BB0ED6EF-D386-405C-BF62-F9308E3573EB}.Debug|Any CPU.Build.0 = Debug|Any CPU
		{BB0ED6EF-D386-405C-BF62-F9308E3573EB}.Release|Any CPU.ActiveCfg = Release|Any CPU
		{BB0ED6EF-D386-405C-BF62-F9308E3573EB}.Release|Any CPU.Build.0 = Release|Any CPU
		{5E4AC309-B04A-4E45-AA97-FB89C5516598}.Debug|Any CPU.ActiveCfg = Debug|Any CPU
		{5E4AC309-B04A-4E45-AA97-FB89C5516598}.Debug|Any CPU.Build.0 = Debug|Any CPU
		{5E4AC309-B04A-4E45-AA97-FB89C5516598}.Release|Any CPU.ActiveCfg = Release|Any CPU
		{5E4AC309-B04A-4E45-AA97-FB89C5516598}.Release|Any CPU.Build.0 = Release|Any CPU
		{5ED64359-9F3B-421D-98E1-72BE37C87A97}.Debug|Any CPU.ActiveCfg = Debug|Any CPU
		{5ED64359-9F3B-421D-98E1-72BE37C87A97}.Debug|Any CPU.Build.0 = Debug|Any CPU
		{5ED64359-9F3B-421D-98E1-72BE37C87A97}.Release|Any CPU.ActiveCfg = Release|Any CPU
		{5ED64359-9F3B-421D-98E1-72BE37C87A97}.Release|Any CPU.Build.0 = Release|Any CPU
	EndGlobalSection
	GlobalSection(SolutionProperties) = preSolution
		HideSolutionNode = FALSE
	EndGlobalSection
EndGlobal
